
Microsoft Visual Studio Solution File, Format Version 12.00
# Visual Studio 15
VisualStudioVersion = 15.0.27428.2037
MinimumVisualStudioVersion = 10.0.40219.1
Project("{00D1A9C2-B5F0-4AF3-8072-F6C62B433612}") = "TopicForumDB", "TopicForumDatabase\TopicForumDB.sqlproj", "{1A6C2705-8AF3-4BB1-8442-003AC8708FBE}"
EndProject
Project("{FAE04EC0-301F-11D3-BF4B-00C04F79EFBC}") = "TopicForumWin", "TopicForumWin\TopicForumWin.csproj", "{1E543D41-4FA6-4300-970A-D8AB369EC086}"
EndProject
Global
	GlobalSection(SolutionConfigurationPlatforms) = preSolution
		Debug|Any CPU = Debug|Any CPU
		Release|Any CPU = Release|Any CPU
	EndGlobalSection
	GlobalSection(ProjectConfigurationPlatforms) = postSolution
		{1A6C2705-8AF3-4BB1-8442-003AC8708FBE}.Debug|Any CPU.ActiveCfg = Debug|Any CPU
		{1A6C2705-8AF3-4BB1-8442-003AC8708FBE}.Debug|Any CPU.Build.0 = Debug|Any CPU
		{1A6C2705-8AF3-4BB1-8442-003AC8708FBE}.Debug|Any CPU.Deploy.0 = Debug|Any CPU
		{1A6C2705-8AF3-4BB1-8442-003AC8708FBE}.Release|Any CPU.ActiveCfg = Release|Any CPU
		{1A6C2705-8AF3-4BB1-8442-003AC8708FBE}.Release|Any CPU.Build.0 = Release|Any CPU
		{1A6C2705-8AF3-4BB1-8442-003AC8708FBE}.Release|Any CPU.Deploy.0 = Release|Any CPU
		{1E543D41-4FA6-4300-970A-D8AB369EC086}.Debug|Any CPU.ActiveCfg = Debug|Any CPU
		{1E543D41-4FA6-4300-970A-D8AB369EC086}.Debug|Any CPU.Build.0 = Debug|Any CPU
		{1E543D41-4FA6-4300-970A-D8AB369EC086}.Release|Any CPU.ActiveCfg = Release|Any CPU
		{1E543D41-4FA6-4300-970A-D8AB369EC086}.Release|Any CPU.Build.0 = Release|Any CPU
	EndGlobalSection
	GlobalSection(SolutionProperties) = preSolution
		HideSolutionNode = FALSE
	EndGlobalSection
	GlobalSection(ExtensibilityGlobals) = postSolution
		SolutionGuid = {DC7C8652-62A8-487E-8AEA-D718294BC4C8}
	EndGlobalSection
EndGlobal
